
Microsoft Visual Studio Solution File, Format Version 12.00
Project("{FAE04EC0-301F-11D3-BF4B-00C04F79EFBC}") = "OOPLaba2", "OOPLaba2\OOPLaba2.csproj", "{D917CA92-708A-4B4C-8177-40AD65AFCB73}"
EndProject
Global
	GlobalSection(SolutionConfigurationPlatforms) = preSolution
		Debug|Any CPU = Debug|Any CPU
		Release|Any CPU = Release|Any CPU
	EndGlobalSection
	GlobalSection(ProjectConfigurationPlatforms) = postSolution
		{D917CA92-708A-4B4C-8177-40AD65AFCB73}.Debug|Any CPU.ActiveCfg = Debug|Any CPU
		{D917CA92-708A-4B4C-8177-40AD65AFCB73}.Debug|Any CPU.Build.0 = Debug|Any CPU
		{D917CA92-708A-4B4C-8177-40AD65AFCB73}.Release|Any CPU.ActiveCfg = Release|Any CPU
		{D917CA92-708A-4B4C-8177-40AD65AFCB73}.Release|Any CPU.Build.0 = Release|Any CPU
	EndGlobalSection
EndGlobal
